
Microsoft Visual Studio Solution File, Format Version 12.00
# Visual Studio Version 17
VisualStudioVersion = 17.9.34622.214
MinimumVisualStudioVersion = 10.0.40219.1
Project("{9A19103F-16F7-4668-BE54-9A1E7A4F7556}") = "Paradigmi.Libreria.Web", "Paradigmi.Libreria.Web\Paradigmi.Libreria.Web.csproj", "{6E40917E-96AE-4439-B315-6F857C2E6D74}"
EndProject
Project("{9A19103F-16F7-4668-BE54-9A1E7A4F7556}") = "Paradigmi.Libreria.Models", "Paradigmi.Libreria.Models\Paradigmi.Libreria.Models.csproj", "{A8A0B825-6371-489F-8FEE-D9D5AF16A50C}"
EndProject
Project("{9A19103F-16F7-4668-BE54-9A1E7A4F7556}") = "Paradigmi.Libreria.Test", "Paradigmi.Libreria.Test\Paradigmi.Libreria.Test.csproj", "{C91B77D8-9458-4A37-852D-74235168C85D}"
EndProject
Project("{FAE04EC0-301F-11D3-BF4B-00C04F79EFBC}") = "Paradigmi.Libreria.Application", "Paradigmi.Libreria.Application\Paradigmi.Libreria.Application.csproj", "{14AD7701-39B0-495A-8E48-9B4BAA3D1134}"
EndProject
Global
	GlobalSection(SolutionConfigurationPlatforms) = preSolution
		Debug|Any CPU = Debug|Any CPU
		Release|Any CPU = Release|Any CPU
	EndGlobalSection
	GlobalSection(ProjectConfigurationPlatforms) = postSolution
		{6E40917E-96AE-4439-B315-6F857C2E6D74}.Debug|Any CPU.ActiveCfg = Debug|Any CPU
		{6E40917E-96AE-4439-B315-6F857C2E6D74}.Debug|Any CPU.Build.0 = Debug|Any CPU
		{6E40917E-96AE-4439-B315-6F857C2E6D74}.Release|Any CPU.ActiveCfg = Release|Any CPU
		{6E40917E-96AE-4439-B315-6F857C2E6D74}.Release|Any CPU.Build.0 = Release|Any CPU
		{A8A0B825-6371-489F-8FEE-D9D5AF16A50C}.Debug|Any CPU.ActiveCfg = Debug|Any CPU
		{A8A0B825-6371-489F-8FEE-D9D5AF16A50C}.Debug|Any CPU.Build.0 = Debug|Any CPU
		{A8A0B825-6371-489F-8FEE-D9D5AF16A50C}.Release|Any CPU.ActiveCfg = Release|Any CPU
		{A8A0B825-6371-489F-8FEE-D9D5AF16A50C}.Release|Any CPU.Build.0 = Release|Any CPU
		{C91B77D8-9458-4A37-852D-74235168C85D}.Debug|Any CPU.ActiveCfg = Debug|Any CPU
		{C91B77D8-9458-4A37-852D-74235168C85D}.Debug|Any CPU.Build.0 = Debug|Any CPU
		{C91B77D8-9458-4A37-852D-74235168C85D}.Release|Any CPU.ActiveCfg = Release|Any CPU
		{C91B77D8-9458-4A37-852D-74235168C85D}.Release|Any CPU.Build.0 = Release|Any CPU
		{14AD7701-39B0-495A-8E48-9B4BAA3D1134}.Debug|Any CPU.ActiveCfg = Debug|Any CPU
		{14AD7701-39B0-495A-8E48-9B4BAA3D1134}.Debug|Any CPU.Build.0 = Debug|Any CPU
		{14AD7701-39B0-495A-8E48-9B4BAA3D1134}.Release|Any CPU.ActiveCfg = Release|Any CPU
		{14AD7701-39B0-495A-8E48-9B4BAA3D1134}.Release|Any CPU.Build.0 = Release|Any CPU
	EndGlobalSection
	GlobalSection(SolutionProperties) = preSolution
		HideSolutionNode = FALSE
	EndGlobalSection
	GlobalSection(ExtensibilityGlobals) = postSolution
		SolutionGuid = {A6A9161E-F77F-457E-9A78-95697AA9F576}
	EndGlobalSection
EndGlobal
